<?xml version="1.0" encoding="utf-8"?>
<Project ToolsVersion="4.0" xmlns="http://schemas.microsoft.com/developer/msbuild/2003">
  <ItemGroup>
    <Filter Include="Source">
      <UniqueIdentifier>{35b6d7a4-0b32-4b04-921a-212f477f9686}</UniqueIdentifier>
    </Filter>
    <Filter Include="Source\Control">
      <UniqueIdentifier>{ae72d11a-cd49-4254-88cb-8d4f47636a23}</UniqueIdentifier>
    </Filter>
  </ItemGroup>
  <ItemGroup>
    <ClCompile Include="Control.cpp">
      <Filter>Source\Control</Filter>
    </ClCompile>
    <ClCompile Include="GameObject.cpp">
      <Filter>Source</Filter>
    </ClCompile>
    <ClCompile Include="Sprite.cpp">
      <Filter>Source</Filter>
    </ClCompile>
  </ItemGroup>
  <ItemGroup>
    <ClInclude Include="Control.h">
      <Filter>Source\Control</Filter>
    </ClInclude>
    <ClInclude Include="GameObject.h">
      <Filter>Source</Filter>
    </ClInclude>
    <ClInclude Include="Sprite.h">
      <Filter>Source</Filter>
    </ClInclude>
  </ItemGroup>
</Project>