<?xml version="1.0" encoding="utf-8"?>
<Project ToolsVersion="4.0" xmlns="http://schemas.microsoft.com/developer/msbuild/2003">
  <ItemGroup>
    <Filter Include="Source Files">
      <UniqueIdentifier>{f15e3297-597a-4601-83e0-c8980bdfcedc}</UniqueIdentifier>
    </Filter>
    <Filter Include="Source Files\Listeners">
      <UniqueIdentifier>{248b2116-e432-4341-9bd5-7e06a5cf7df6}</UniqueIdentifier>
    </Filter>
    <Filter Include="Source Files\Actions">
      <UniqueIdentifier>{1ea6f0c7-ae0a-4037-b9bf-065e6008ec9c}</UniqueIdentifier>
    </Filter>
    <Filter Include="Source Files\Device">
      <UniqueIdentifier>{20f1e0b8-9033-44e5-a119-fa5706bd765a}</UniqueIdentifier>
    </Filter>
    <Filter Include="Source Files\Categories">
      <UniqueIdentifier>{6ae8e80b-47a5-480a-82f3-019aa288587b}</UniqueIdentifier>
    </Filter>
    <Filter Include="Source Files\Formats">
      <UniqueIdentifier>{2241f20b-5148-46ce-b455-e432c8371a63}</UniqueIdentifier>
    </Filter>
    <Filter Include="Source Files\Values">
      <UniqueIdentifier>{ad8a3fed-0b08-4620-99da-ea4deae0ea28}</UniqueIdentifier>
    </Filter>
    <Filter Include="Source Files\State">
      <UniqueIdentifier>{92a98c13-b1cb-4b4c-8f27-232c894b2c0b}</UniqueIdentifier>
    </Filter>
    <Filter Include="Source Files\VirtualDevice">
      <UniqueIdentifier>{58eb436d-2cdd-4751-839e-6cfa958848c0}</UniqueIdentifier>
    </Filter>
    <Filter Include="Source Files\Variable">
      <UniqueIdentifier>{a4bb051b-20ea-4a5f-9283-e32bbcebd838}</UniqueIdentifier>
    </Filter>
    <Filter Include="Source Files\Native">
      <UniqueIdentifier>{1daf9496-55b1-4c03-be28-61d3c97088ec}</UniqueIdentifier>
    </Filter>
    <Filter Include="Source Files\Native\Windows">
      <UniqueIdentifier>{ef55821a-cf29-4337-82ae-55fee6966b53}</UniqueIdentifier>
    </Filter>
    <Filter Include="Source Files\Native\Program">
      <UniqueIdentifier>{bf695178-aa39-49db-a453-f05991c247d0}</UniqueIdentifier>
    </Filter>
    <Filter Include="XML">
      <UniqueIdentifier>{fde28291-59d1-426f-8dae-33b57e223f3a}</UniqueIdentifier>
    </Filter>
    <Filter Include="XML\Devices">
      <UniqueIdentifier>{52369202-9b5a-4e5d-ac67-a5b981097ab0}</UniqueIdentifier>
    </Filter>
    <Filter Include="XML\Devices\DirectInput">
      <UniqueIdentifier>{a6efb5d3-c813-4efb-a664-24beba7e730a}</UniqueIdentifier>
    </Filter>
    <Filter Include="XML\Devices\DirectInput\Joysticks">
      <UniqueIdentifier>{8333b070-61d1-4180-a4fb-cf9c81c6fa91}</UniqueIdentifier>
    </Filter>
    <Filter Include="XML\Devices\WinRaw">
      <UniqueIdentifier>{115e29ec-89f3-401e-807c-27c642b3aa34}</UniqueIdentifier>
    </Filter>
    <Filter Include="XML\Devices\WinRaw\Mouses">
      <UniqueIdentifier>{ea4932d8-1924-4a5e-8e0c-aa4cfbf8dca5}</UniqueIdentifier>
    </Filter>
    <Filter Include="XML\Devices\WinRaw\Mouses\Microsoft">
      <UniqueIdentifier>{986ab773-0ee8-49eb-8f95-babfd6aff455}</UniqueIdentifier>
    </Filter>
    <Filter Include="XML\Devices\WinRaw\Mouses\Logitech">
      <UniqueIdentifier>{43bcaa73-1a4a-47e4-83ac-69956aac3fdf}</UniqueIdentifier>
    </Filter>
    <Filter Include="XML\Devices\WinRaw\Keyboards">
      <UniqueIdentifier>{561bcbac-5065-488a-ad3b-808e89c414fd}</UniqueIdentifier>
    </Filter>
    <Filter Include="XML\Devices\WinRaw\Keyboards\Microsoft">
      <UniqueIdentifier>{b0be3cd1-fcd6-47b4-8db9-1f997ce512d6}</UniqueIdentifier>
    </Filter>
    <Filter Include="XML\Devices\WinRaw\Keyboards\AOpen">
      <UniqueIdentifier>{e536600e-a748-45b6-9160-eed987ad0c32}</UniqueIdentifier>
    </Filter>
    <Filter Include="XML\Devices\WinRaw\Keyboards\Logitech">
      <UniqueIdentifier>{cb8faa7f-bf07-4065-8093-7d21c6ff7374}</UniqueIdentifier>
    </Filter>
    <Filter Include="XML\Devices\XInput">
      <UniqueIdentifier>{b3419e4b-bdfe-4b4b-b4fe-b8f58c4f2ca1}</UniqueIdentifier>
    </Filter>
  </ItemGroup>
  <ItemGroup>
    <ClCompile Include="Input.cpp">
      <Filter>Source Files</Filter>
    </ClCompile>
    <ClCompile Include="KeyboardKeyList.cpp">
      <Filter>Source Files</Filter>
    </ClCompile>
    <ClCompile Include="InputActions.cpp">
      <Filter>Source Files\Actions</Filter>
    </ClCompile>
    <ClCompile Include="InputChord.cpp">
      <Filter>Source Files\Actions</Filter>
    </ClCompile>
    <ClCompile Include="InputChordCriteria.cpp">
      <Filter>Source Files\Actions</Filter>
    </ClCompile>
    <ClCompile Include="InputChordCriteriaDesc.cpp">
      <Filter>Source Files\Actions</Filter>
    </ClCompile>
    <ClCompile Include="InputChordDesc.cpp">
      <Filter>Source Files\Actions</Filter>
    </ClCompile>
    <ClCompile Include="InputChordDescs.cpp">
      <Filter>Source Files\Actions</Filter>
    </ClCompile>
    <ClCompile Include="InputChordReader.cpp">
      <Filter>Source Files\Actions</Filter>
    </ClCompile>
    <ClCompile Include="InputChords.cpp">
      <Filter>Source Files\Actions</Filter>
    </ClCompile>
    <ClCompile Include="InputSourceEvaluator.cpp">
      <Filter>Source Files\Actions</Filter>
    </ClCompile>
    <ClCompile Include="InputDevice.cpp">
      <Filter>Source Files\Device</Filter>
    </ClCompile>
    <ClCompile Include="InputDeviceCopyContext.cpp">
      <Filter>Source Files\Device</Filter>
    </ClCompile>
    <ClCompile Include="InputDeviceDesc.cpp">
      <Filter>Source Files\Device</Filter>
    </ClCompile>
    <ClCompile Include="InputDevices.cpp">
      <Filter>Source Files\Device</Filter>
    </ClCompile>
    <ClCompile Include="InputDevicesReader.cpp">
      <Filter>Source Files\Device</Filter>
    </ClCompile>
    <ClCompile Include="InputSourceChannel.cpp">
      <Filter>Source Files\Device</Filter>
    </ClCompile>
    <ClCompile Include="InputSourceDesc.cpp">
      <Filter>Source Files\Device</Filter>
    </ClCompile>
    <ClCompile Include="InputSourceValue.cpp">
      <Filter>Source Files\Device</Filter>
    </ClCompile>
    <ClCompile Include="InputCategories.cpp">
      <Filter>Source Files\Categories</Filter>
    </ClCompile>
    <ClCompile Include="InputCategory.cpp">
      <Filter>Source Files\Categories</Filter>
    </ClCompile>
    <ClCompile Include="InputCategoryGeneric.cpp">
      <Filter>Source Files\Categories</Filter>
    </ClCompile>
    <ClCompile Include="InputDataFormat.cpp">
      <Filter>Source Files\Formats</Filter>
    </ClCompile>
    <ClCompile Include="InputDataFormats.cpp">
      <Filter>Source Files\Formats</Filter>
    </ClCompile>
    <ClCompile Include="InputDeviceValue.cpp">
      <Filter>Source Files\Values</Filter>
    </ClCompile>
    <ClCompile Include="InputDeviceState.cpp">
      <Filter>Source Files\State</Filter>
    </ClCompile>
    <ClCompile Include="InputVirtualDevice.cpp">
      <Filter>Source Files\VirtualDevice</Filter>
    </ClCompile>
    <ClCompile Include="InputVirtualDeviceCommonality.cpp">
      <Filter>Source Files\VirtualDevice</Filter>
    </ClCompile>
    <ClCompile Include="InputVirtualDeviceDesc.cpp">
      <Filter>Source Files\VirtualDevice</Filter>
    </ClCompile>
    <ClCompile Include="InputVirtualDeviceReader.cpp">
      <Filter>Source Files\VirtualDevice</Filter>
    </ClCompile>
    <ClCompile Include="InputVirtualDeviceSource.cpp">
      <Filter>Source Files\VirtualDevice</Filter>
    </ClCompile>
    <ClCompile Include="InputVirtualDeviceSwitch.cpp">
      <Filter>Source Files\VirtualDevice</Filter>
    </ClCompile>
    <ClCompile Include="InputVirtualSourceDesc.cpp">
      <Filter>Source Files\VirtualDevice</Filter>
    </ClCompile>
    <ClCompile Include="InputDeviceVariable.cpp">
      <Filter>Source Files\Variable</Filter>
    </ClCompile>
    <ClCompile Include="InputDeviceVariableCondition.cpp">
      <Filter>Source Files\Variable</Filter>
    </ClCompile>
    <ClCompile Include="InputDeviceVariableDesc.cpp">
      <Filter>Source Files\Variable</Filter>
    </ClCompile>
    <ClCompile Include="InputDeviceVariables.cpp">
      <Filter>Source Files\Variable</Filter>
    </ClCompile>
    <ClCompile Include="InputDeviceVariableValue.cpp">
      <Filter>Source Files\Variable</Filter>
    </ClCompile>
    <ClCompile Include="InputDeviceVariableValueConditionDesc.cpp">
      <Filter>Source Files\Variable</Filter>
    </ClCompile>
    <ClCompile Include="InputDeviceVariableValueDesc.cpp">
      <Filter>Source Files\Variable</Filter>
    </ClCompile>
    <ClCompile Include="NativeDetail.cpp">
      <Filter>Source Files\Native</Filter>
    </ClCompile>
    <ClCompile Include="WinDirectInput.cpp">
      <Filter>Source Files\Native\Windows</Filter>
    </ClCompile>
    <ClCompile Include="WinInput.cpp">
      <Filter>Source Files\Native\Windows</Filter>
    </ClCompile>
    <ClCompile Include="WinRaw.cpp">
      <Filter>Source Files\Native\Windows</Filter>
    </ClCompile>
    <ClCompile Include="WinXInput.cpp">
      <Filter>Source Files\Native\Windows</Filter>
    </ClCompile>
    <ClCompile Include="ProgramDeviceDetail.cpp">
      <Filter>Source Files\Native\Program</Filter>
    </ClCompile>
    <ClCompile Include="ProgramInput.cpp">
      <Filter>Source Files\Native\Program</Filter>
    </ClCompile>
  </ItemGroup>
  <ItemGroup>
    <ClInclude Include="Input.h">
      <Filter>Source Files</Filter>
    </ClInclude>
    <ClInclude Include="KeyboardKeyList.h">
      <Filter>Source Files</Filter>
    </ClInclude>
    <ClInclude Include="InputListener.h">
      <Filter>Source Files\Listeners</Filter>
    </ClInclude>
    <ClInclude Include="InputActions.h">
      <Filter>Source Files\Actions</Filter>
    </ClInclude>
    <ClInclude Include="InputChord.h">
      <Filter>Source Files\Actions</Filter>
    </ClInclude>
    <ClInclude Include="InputChordCriteria.h">
      <Filter>Source Files\Actions</Filter>
    </ClInclude>
    <ClInclude Include="InputChordCriteriaDesc.h">
      <Filter>Source Files\Actions</Filter>
    </ClInclude>
    <ClInclude Include="InputChordDesc.h">
      <Filter>Source Files\Actions</Filter>
    </ClInclude>
    <ClInclude Include="InputChordDescs.h">
      <Filter>Source Files\Actions</Filter>
    </ClInclude>
    <ClInclude Include="InputChordReader.h">
      <Filter>Source Files\Actions</Filter>
    </ClInclude>
    <ClInclude Include="InputChords.h">
      <Filter>Source Files\Actions</Filter>
    </ClInclude>
    <ClInclude Include="InputSourceEvaluator.h">
      <Filter>Source Files\Actions</Filter>
    </ClInclude>
    <ClInclude Include="InputDevice.h">
      <Filter>Source Files\Device</Filter>
    </ClInclude>
    <ClInclude Include="InputDeviceCopyContext.h">
      <Filter>Source Files\Device</Filter>
    </ClInclude>
    <ClInclude Include="InputDeviceDesc.h">
      <Filter>Source Files\Device</Filter>
    </ClInclude>
    <ClInclude Include="InputDevicePointerArray.h">
      <Filter>Source Files\Device</Filter>
    </ClInclude>
    <ClInclude Include="InputDevices.h">
      <Filter>Source Files\Device</Filter>
    </ClInclude>
    <ClInclude Include="InputDevicesReader.h">
      <Filter>Source Files\Device</Filter>
    </ClInclude>
    <ClInclude Include="InputDeviceVirtualDeviceArray.h">
      <Filter>Source Files\Device</Filter>
    </ClInclude>
    <ClInclude Include="InputSourceChannel.h">
      <Filter>Source Files\Device</Filter>
    </ClInclude>
    <ClInclude Include="InputSourceDesc.h">
      <Filter>Source Files\Device</Filter>
    </ClInclude>
    <ClInclude Include="InputSourceValue.h">
      <Filter>Source Files\Device</Filter>
    </ClInclude>
    <ClInclude Include="InputCategories.h">
      <Filter>Source Files\Categories</Filter>
    </ClInclude>
    <ClInclude Include="InputCategory.h">
      <Filter>Source Files\Categories</Filter>
    </ClInclude>
    <ClInclude Include="InputCategoryGeneric.h">
      <Filter>Source Files\Categories</Filter>
    </ClInclude>
    <ClInclude Include="InputDataFormat.h">
      <Filter>Source Files\Formats</Filter>
    </ClInclude>
    <ClInclude Include="InputDataFormats.h">
      <Filter>Source Files\Formats</Filter>
    </ClInclude>
    <ClInclude Include="InputDeviceValue.h">
      <Filter>Source Files\Values</Filter>
    </ClInclude>
    <ClInclude Include="InputDeviceValueHistory.h">
      <Filter>Source Files\Values</Filter>
    </ClInclude>
    <ClInclude Include="InputDeviceState.h">
      <Filter>Source Files\State</Filter>
    </ClInclude>
    <ClInclude Include="InputVirtualDevice.h">
      <Filter>Source Files\VirtualDevice</Filter>
    </ClInclude>
    <ClInclude Include="InputVirtualDeviceCommonality.h">
      <Filter>Source Files\VirtualDevice</Filter>
    </ClInclude>
    <ClInclude Include="InputVirtualDeviceDesc.h">
      <Filter>Source Files\VirtualDevice</Filter>
    </ClInclude>
    <ClInclude Include="InputVirtualDeviceReader.h">
      <Filter>Source Files\VirtualDevice</Filter>
    </ClInclude>
    <ClInclude Include="InputVirtualDeviceSource.h">
      <Filter>Source Files\VirtualDevice</Filter>
    </ClInclude>
    <ClInclude Include="InputVirtualDeviceSwitch.h">
      <Filter>Source Files\VirtualDevice</Filter>
    </ClInclude>
    <ClInclude Include="InputVirtualSourceDesc.h">
      <Filter>Source Files\VirtualDevice</Filter>
    </ClInclude>
    <ClInclude Include="InputDeviceVariable.h">
      <Filter>Source Files\Variable</Filter>
    </ClInclude>
    <ClInclude Include="InputDeviceVariableCondition.h">
      <Filter>Source Files\Variable</Filter>
    </ClInclude>
    <ClInclude Include="InputDeviceVariableDesc.h">
      <Filter>Source Files\Variable</Filter>
    </ClInclude>
    <ClInclude Include="InputDeviceVariableListener.h">
      <Filter>Source Files\Variable</Filter>
    </ClInclude>
    <ClInclude Include="InputDeviceVariables.h">
      <Filter>Source Files\Variable</Filter>
    </ClInclude>
    <ClInclude Include="InputDeviceVariableValue.h">
      <Filter>Source Files\Variable</Filter>
    </ClInclude>
    <ClInclude Include="InputDeviceVariableValueConditionDesc.h">
      <Filter>Source Files\Variable</Filter>
    </ClInclude>
    <ClInclude Include="InputDeviceVariableValueDesc.h">
      <Filter>Source Files\Variable</Filter>
    </ClInclude>
    <ClInclude Include="NativeDetail.h">
      <Filter>Source Files\Native</Filter>
    </ClInclude>
    <ClInclude Include="WinDirectInput.h">
      <Filter>Source Files\Native\Windows</Filter>
    </ClInclude>
    <ClInclude Include="WinInput.h">
      <Filter>Source Files\Native\Windows</Filter>
    </ClInclude>
    <ClInclude Include="WinRaw.h">
      <Filter>Source Files\Native\Windows</Filter>
    </ClInclude>
    <ClInclude Include="WinXInput.h">
      <Filter>Source Files\Native\Windows</Filter>
    </ClInclude>
    <ClInclude Include="ProgramDeviceDetail.h">
      <Filter>Source Files\Native\Program</Filter>
    </ClInclude>
    <ClInclude Include="ProgramInput.h">
      <Filter>Source Files\Native\Program</Filter>
    </ClInclude>
  </ItemGroup>
  <ItemGroup>
    <None Include="xml\Categories.xml">
      <Filter>XML\Devices</Filter>
    </None>
    <None Include="xml\InputDevices.xml">
      <Filter>XML\Devices</Filter>
    </None>
    <None Include="xml\LinuxFormats.xml">
      <Filter>XML\Devices</Filter>
    </None>
    <None Include="xml\WindowsFormats.xml">
      <Filter>XML\Devices</Filter>
    </None>
    <None Include="xml\DirectInputCreativeGameport.xml">
      <Filter>XML\Devices\DirectInput\Joysticks</Filter>
    </None>
    <None Include="xml\DirectInputFakePS2Gamepad.xml">
      <Filter>XML\Devices\DirectInput\Joysticks</Filter>
    </None>
    <None Include="xml\DirectInputFastJoystick.xml">
      <Filter>XML\Devices\DirectInput\Joysticks</Filter>
    </None>
    <None Include="xml\DirectInputLogitechExtreme3DJoystick.xml">
      <Filter>XML\Devices\DirectInput\Joysticks</Filter>
    </None>
    <None Include="xml\DirectInputManhattanUSBGameport.xml">
      <Filter>XML\Devices\DirectInput\Joysticks</Filter>
    </None>
    <None Include="xml\DirectInputStandardJoysticks.xml">
      <Filter>XML\Devices\DirectInput\Joysticks</Filter>
    </None>
    <None Include="xml\DirectInputStd8ButtonPOVHat.xml">
      <Filter>XML\Devices\DirectInput\Joysticks</Filter>
    </None>
    <None Include="xml\DirectInputStdJoystickAxes.xml">
      <Filter>XML\Devices\DirectInput\Joysticks</Filter>
    </None>
    <None Include="xml\DirectInputStdJoystickButtons.xml">
      <Filter>XML\Devices\DirectInput\Joysticks</Filter>
    </None>
    <None Include="xml\WinRawHIDCompliantMouse.xml">
      <Filter>XML\Devices\WinRaw\Mouses</Filter>
    </None>
    <None Include="xml\WinRawPS2CompatibleMouse.xml">
      <Filter>XML\Devices\WinRaw\Mouses</Filter>
    </None>
    <None Include="xml\WinRawStandardMouseAxes.xml">
      <Filter>XML\Devices\WinRaw\Mouses</Filter>
    </None>
    <None Include="xml\WinRawStandardMouseButtons.xml">
      <Filter>XML\Devices\WinRaw\Mouses</Filter>
    </None>
    <None Include="xml\WinRawStandardMouses.xml">
      <Filter>XML\Devices\WinRaw\Mouses</Filter>
    </None>
    <None Include="xml\WinRawStandardMouseWheels.xml">
      <Filter>XML\Devices\WinRaw\Mouses</Filter>
    </None>
    <None Include="xml\WinRawTerminalServerMouse.xml">
      <Filter>XML\Devices\WinRaw\Mouses</Filter>
    </None>
    <None Include="xml\WinRawMicrosoftOpticalWheelMouse.xml">
      <Filter>XML\Devices\WinRaw\Mouses\Microsoft</Filter>
    </None>
    <None Include="xml\WinRawMicrosoftWirelessOpticalWheelMouse.xml">
      <Filter>XML\Devices\WinRaw\Mouses\Microsoft</Filter>
    </None>
    <None Include="xml\WinRawLogitechCordlessMouseMan.xml">
      <Filter>XML\Devices\WinRaw\Mouses\Logitech</Filter>
    </None>
    <None Include="xml\WinRawLogitechG7Mouse.xml">
      <Filter>XML\Devices\WinRaw\Mouses\Logitech</Filter>
    </None>
    <None Include="xml\WinRawGeniusPS2Keyboard.xml">
      <Filter>XML\Devices\WinRaw\Keyboards</Filter>
    </None>
    <None Include="xml\WinRawIGameFlexibleKeyboard.xml">
      <Filter>XML\Devices\WinRaw\Keyboards</Filter>
    </None>
    <None Include="xml\WinRawStd104ButtonKeyboard.xml">
      <Filter>XML\Devices\WinRaw\Keyboards</Filter>
    </None>
    <None Include="xml\WinRawTerminalServerKeyboard.xml">
      <Filter>XML\Devices\WinRaw\Keyboards</Filter>
    </None>
    <None Include="xml\WinRawMicrosoftMultimediaKeyboard.xml">
      <Filter>XML\Devices\WinRaw\Keyboards\Microsoft</Filter>
    </None>
    <None Include="xml\WinRawMicrosoftWirelessKeyboard.xml">
      <Filter>XML\Devices\WinRaw\Keyboards\Microsoft</Filter>
    </None>
    <None Include="xml\WinRawAOpenPS2Keyboard.xml">
      <Filter>XML\Devices\WinRaw\Keyboards\AOpen</Filter>
    </None>
    <None Include="xml\WinRawLogitechWirelessKeyboard.xml">
      <Filter>XML\Devices\WinRaw\Keyboards\Logitech</Filter>
    </None>
    <None Include="xml\XInputStdGamepad.xml">
      <Filter>XML\Devices\XInput</Filter>
    </None>
    <None Include="xml\XInputXBox360Wired.xml">
      <Filter>XML\Devices\XInput</Filter>
    </None>
    <None Include="xml\XInputXBox360Wireless.xml">
      <Filter>XML\Devices\XInput</Filter>
    </None>
  </ItemGroup>
</Project>