<?xml version="1.0" encoding="UTF-8" standalone="yes" ?>
<CodeBlocks_project_file>
	<FileVersion major="1" minor="6" />
	<Project>
		<Option title="CoreLib" />
		<Option pch_mode="2" />
		<Option compiler="gcc" />
		<Build>
			<Target title="Debug Win32">
				<Option output="Debug/libCoreLib" prefix_auto="1" extension_auto="1" />
				<Option working_dir="" />
				<Option object_output="Debug" />
				<Option type="2" />
				<Option compiler="gcc" />
				<Option createDefFile="1" />
				<Compiler>
					<Add option="-W" />
					<Add option="-g" />
					<Add option="-O0" />
					<Add option="-D_DEBUG" />
					<Add option="-D_LIB" />
					<Add option="-D_CRT_SECURE_NO_DEPRECATE" />
				</Compiler>
			</Target>
			<Target title="Release Win32">
				<Option output="Release/libCoreLib" prefix_auto="1" extension_auto="1" />
				<Option working_dir="" />
				<Option object_output="Release" />
				<Option type="2" />
				<Option compiler="gcc" />
				<Option createDefFile="1" />
				<Compiler>
					<Add option="-W" />
					<Add option="-O0" />
					<Add option="-DNDEBUG" />
					<Add option="-D_LIB" />
					<Add option="-D_CRT_SECURE_NO_DEPRECATE" />
				</Compiler>
			</Target>
		</Build>
		<Unit filename="Annotation.cpp" />
		<Unit filename="Annotation.h" />
		<Unit filename="ArrayFunctions.cpp" />
		<Unit filename="ArrayFunctions.h" />
		<Unit filename="ArrayTransientIndexedPointer.cpp" />
		<Unit filename="ArrayTransientIndexedPointer.h" />
		<Unit filename="ArrayTypeOld.cpp" />
		<Unit filename="ArrayTypeOld.h" />
		<Unit filename="ArrayVariable.cpp" />
		<Unit filename="ArrayVariable.h" />
		<Unit filename="CLiteParser.h" />
		<Unit filename="CalcBinaryExpression.cpp" />
		<Unit filename="CalcBinaryExpression.h" />
		<Unit filename="CalcConstExpression.cpp" />
		<Unit filename="CalcConstExpression.h" />
		<Unit filename="CalcExpression.cpp" />
		<Unit filename="CalcExpression.h" />
		<Unit filename="CalcObject.h" />
		<Unit filename="CalcOperator.cpp" />
		<Unit filename="CalcOperator.h" />
		<Unit filename="CalcParentheses.cpp" />
		<Unit filename="CalcParentheses.h" />
		<Unit filename="CalcUnaryExpression.cpp" />
		<Unit filename="CalcUnaryExpression.h" />
		<Unit filename="Calculator.cpp" />
		<Unit filename="Calculator.h" />
		<Unit filename="ChannelAccessorBreakdown.cpp" />
		<Unit filename="ChannelAccessorBreakdown.h" />
		<Unit filename="Channels.cpp" />
		<Unit filename="Channels.h" />
		<Unit filename="ChannelsAccessor.cpp" />
		<Unit filename="ChannelsAccessor.h" />
		<Unit filename="ChannelsArray.cpp" />
		<Unit filename="ChannelsArray.h" />
		<Unit filename="ChannelsHelper.cpp" />
		<Unit filename="ChannelsHelper.h" />
		<Unit filename="Class.cpp" />
		<Unit filename="Class.h" />
		<Unit filename="ClassStorage.cpp" />
		<Unit filename="ClassStorage.h" />
		<Unit filename="DurableFile.cpp" />
		<Unit filename="DurableFile.h" />
		<Unit filename="DurableFileController.cpp" />
		<Unit filename="DurableFileController.h" />
		<Unit filename="DurableSet.cpp" />
		<Unit filename="DurableSet.h" />
		<Unit filename="EscapeCodes.cpp" />
		<Unit filename="EscapeCodes.h" />
		<Unit filename="ExternalChannel.cpp" />
		<Unit filename="ExternalChannel.h" />
		<Unit filename="ExternalChannelPadder.cpp" />
		<Unit filename="ExternalChannelPadder.h" />
		<Unit filename="ExternalChannels.cpp" />
		<Unit filename="ExternalChannels.h" />
		<Unit filename="FileClasses.cpp" />
		<Unit filename="FileClasses.h" />
		<Unit filename="Function.cpp" />
		<Unit filename="Function.h" />
		<Unit filename="FunctionCaller.cpp" />
		<Unit filename="FunctionCaller.h" />
		<Unit filename="FunctionCaller_C_Call.inl" />
		<Unit filename="FunctionCaller_ThisCall.inl" />
		<Unit filename="FunctionCaller_ThisMultiCall.inl" />
		<Unit filename="GenericMethods.h" />
		<Unit filename="GuidClass.cpp" />
		<Unit filename="GuidClass.h" />
		<Unit filename="IndexedCache.cpp" />
		<Unit filename="IndexedCache.h" />
		<Unit filename="IndexedData.cpp" />
		<Unit filename="IndexedData.h" />
		<Unit filename="IndexedDataDescriptor.cpp" />
		<Unit filename="IndexedDataDescriptor.h" />
		<Unit filename="IndexedDescriptor.cpp" />
		<Unit filename="IndexedDescriptor.h" />
		<Unit filename="IndexedFile.cpp" />
		<Unit filename="IndexedFile.h" />
		<Unit filename="IndexedFileDescriptor.cpp" />
		<Unit filename="IndexedFileDescriptor.h" />
		<Unit filename="IndexedGeneral.h" />
		<Unit filename="IndexedHuge.cpp" />
		<Unit filename="IndexedHuge.h" />
		<Unit filename="IndexedMemory.cpp" />
		<Unit filename="IndexedMemory.h" />
		<Unit filename="Instance.cpp" />
		<Unit filename="Instance.h" />
		<Unit filename="InstancedClass.cpp" />
		<Unit filename="InstancedClass.h" />
		<Unit filename="OperatorAssignment.cpp" />
		<Unit filename="OperatorAssignment.h" />
		<Unit filename="OperatorAssignment_Functions.inl" />
		<Unit filename="OperatorAssignment_Mapping.inl" />
		<Unit filename="OperatorBitwiseAnd.cpp" />
		<Unit filename="OperatorBitwiseAnd.h" />
		<Unit filename="OperatorBitwiseAnd_Functions.inl" />
		<Unit filename="OperatorBitwiseAnd_Mapping.inl" />
		<Unit filename="OperatorBitwiseNot.cpp" />
		<Unit filename="OperatorBitwiseNot.h" />
		<Unit filename="OperatorBitwiseNot_Functions.inl" />
		<Unit filename="OperatorBitwiseNot_Mapping.inl" />
		<Unit filename="OperatorBitwiseOr.cpp" />
		<Unit filename="OperatorBitwiseOr.h" />
		<Unit filename="OperatorBitwiseOr_Functions.inl" />
		<Unit filename="OperatorBitwiseOr_Mapping.inl" />
		<Unit filename="OperatorBitwiseXOr.cpp" />
		<Unit filename="OperatorBitwiseXOr.h" />
		<Unit filename="OperatorBitwiseXOr_Functions.inl" />
		<Unit filename="OperatorBitwiseXOr_Mapping.inl" />
		<Unit filename="OperatorDecrement.cpp" />
		<Unit filename="OperatorDecrement.h" />
		<Unit filename="OperatorDecrement_Functions.inl" />
		<Unit filename="OperatorDecrement_Mapping.inl" />
		<Unit filename="OperatorDivide.cpp" />
		<Unit filename="OperatorDivide.h" />
		<Unit filename="OperatorDivide_Functions.inl" />
		<Unit filename="OperatorDivide_Mapping.inl" />
		<Unit filename="OperatorEqual.cpp" />
		<Unit filename="OperatorEqual.h" />
		<Unit filename="OperatorEqualBool_Functions.inl" />
		<Unit filename="OperatorEqualBool_Mapping.inl" />
		<Unit filename="OperatorEqualNumber_Functions.inl" />
		<Unit filename="OperatorEqualNumber_Mapping.inl" />
		<Unit filename="OperatorGreaterThan.cpp" />
		<Unit filename="OperatorGreaterThan.h" />
		<Unit filename="OperatorGreaterThan_Functions.inl" />
		<Unit filename="OperatorGreaterThan_Mapping.inl" />
		<Unit filename="OperatorGreatherThanOrEqual.cpp" />
		<Unit filename="OperatorGreatherThanOrEqual.h" />
		<Unit filename="OperatorGreatherThanOrEqual_Functions.inl" />
		<Unit filename="OperatorGreatherThanOrEqual_Mapping.inl" />
		<Unit filename="OperatorIncrement.cpp" />
		<Unit filename="OperatorIncrement.h" />
		<Unit filename="OperatorIncrement_Functions.inl" />
		<Unit filename="OperatorIncrement_Mapping.inl" />
		<Unit filename="OperatorLeftShift.cpp" />
		<Unit filename="OperatorLeftShift.h" />
		<Unit filename="OperatorLeftShift_Functions.inl" />
		<Unit filename="OperatorLeftShift_Mapping.inl" />
		<Unit filename="OperatorLessThan.cpp" />
		<Unit filename="OperatorLessThan.h" />
		<Unit filename="OperatorLessThanOrEqual.cpp" />
		<Unit filename="OperatorLessThanOrEqual.h" />
		<Unit filename="OperatorLessThanOrEqual_Functions.inl" />
		<Unit filename="OperatorLessThanOrEqual_Mapping.inl" />
		<Unit filename="OperatorLessThan_Functions.inl" />
		<Unit filename="OperatorLessThan_Mapping.inl" />
		<Unit filename="OperatorLogicalAnd.cpp" />
		<Unit filename="OperatorLogicalAnd.h" />
		<Unit filename="OperatorLogicalNot.cpp" />
		<Unit filename="OperatorLogicalNot.h" />
		<Unit filename="OperatorLogicalOr.cpp" />
		<Unit filename="OperatorLogicalOr.h" />
		<Unit filename="OperatorMinus.cpp" />
		<Unit filename="OperatorMinus.h" />
		<Unit filename="OperatorMinus_Functions.inl" />
		<Unit filename="OperatorMinus_Mapping.inl" />
		<Unit filename="OperatorMultiply.cpp" />
		<Unit filename="OperatorMultiply.h" />
		<Unit filename="OperatorMultiply_Functions.inl" />
		<Unit filename="OperatorMultiply_Mapping.inl" />
		<Unit filename="OperatorNotEqual.cpp" />
		<Unit filename="OperatorNotEqual.h" />
		<Unit filename="OperatorNotEqualBool_Functions.inl" />
		<Unit filename="OperatorNotEqualBool_Mapping.inl" />
		<Unit filename="OperatorNotEqualNumber_Functions.inl" />
		<Unit filename="OperatorNotEqualNumber_Mapping.inl" />
		<Unit filename="OperatorPlus.cpp" />
		<Unit filename="OperatorPlus.h" />
		<Unit filename="OperatorPlus_Functions.inl" />
		<Unit filename="OperatorPlus_Mapping.inl" />
		<Unit filename="OperatorPower.cpp" />
		<Unit filename="OperatorPower.h" />
		<Unit filename="OperatorPower_Functions.inl" />
		<Unit filename="OperatorPower_Mapping.inl" />
		<Unit filename="OperatorRemainder.cpp" />
		<Unit filename="OperatorRemainder.h" />
		<Unit filename="OperatorRemainder_Functions.inl" />
		<Unit filename="OperatorRemainder_Mapping.inl" />
		<Unit filename="OperatorRightShift.cpp" />
		<Unit filename="OperatorRightShift.h" />
		<Unit filename="OperatorRightShift_Functions.inl" />
		<Unit filename="OperatorRightShift_Mapping.inl" />
		<Unit filename="Operators.cpp" />
		<Unit filename="Operators.h" />
		<Unit filename="Pointer.cpp" />
		<Unit filename="Pointer.h" />
		<Unit filename="PreClass.cpp" />
		<Unit filename="PreClass.h" />
		<Unit filename="PropertiesFile.cpp" />
		<Unit filename="PropertiesFile.h" />
		<Unit filename="SceneGraph.cpp" />
		<Unit filename="SceneGraph.h" />
		<Unit filename="SmartArray.h" />
		<Unit filename="SmartBlock.h" />
		<Unit filename="SmartClasses.cpp" />
		<Unit filename="SmartClasses.h" />
		<Unit filename="SmartList.h" />
		<Unit filename="SmartMap.h" />
		<Unit filename="SmartPrimitives.cpp" />
		<Unit filename="SmartPrimitives.h" />
		<Unit filename="SmartTree.h" />
		<Unit filename="SubTransaction.cpp" />
		<Unit filename="SubTransaction.h" />
		<Unit filename="TextParser.cpp" />
		<Unit filename="TextParser.h" />
		<Unit filename="Thread.h" />
		<Unit filename="Thread_Windows.cpp" />
		<Unit filename="Thread_Windows.h" />
		<Unit filename="Timer.h" />
		<Unit filename="Timer_Windows.cpp" />
		<Unit filename="Transaction.cpp" />
		<Unit filename="Transaction.h" />
		<Unit filename="TransactionController.cpp" />
		<Unit filename="TransactionController.h" />
		<Unit filename="TransientIndexedFile.cpp" />
		<Unit filename="TransientIndexedFile.h" />
		<Unit filename="TransientIndexedFileDescriptor.cpp" />
		<Unit filename="TransientIndexedFileDescriptor.h" />
		<Unit filename="TypeConverter.cpp" />
		<Unit filename="TypeConverter.h" />
		<Unit filename="TypeConverter_Mapping.inl" />
		<Unit filename="TypeParser.cpp" />
		<Unit filename="TypeParser.h" />
		<Unit filename="WinConfig.cpp" />
		<Unit filename="WinConfig.h" />
		<Unit filename="WinInit.cpp" />
		<Unit filename="WinInit.h" />
		<Unit filename="XMLEntity.cpp" />
		<Unit filename="XMLEntity.h" />
		<Unit filename="XMLFile.cpp" />
		<Unit filename="XMLFile.h" />
		<Unit filename="XMLParser.cpp" />
		<Unit filename="XMLParser.h" />
		<Extensions>
			<code_completion />
			<debugger />
		</Extensions>
	</Project>
</CodeBlocks_project_file>
